
Microsoft Visual Studio Solution File, Format Version 12.00
# Visual Studio 14
VisualStudioVersion = 14.0.25420.1
MinimumVisualStudioVersion = 10.0.40219.1
Project("{2150E333-8FDC-42A3-9474-1A3956D46DE8}") = "ApiRest", "ApiRest", "{C6FFFCA0-45F8-4716-B765-059D710331DE}"
EndProject
Project("{2150E333-8FDC-42A3-9474-1A3956D46DE8}") = "ApiWCFSoap", "ApiWCFSoap", "{81CB8A29-380A-4FF3-A574-8B82CB17EFF2}"
EndProject
Project("{FAE04EC0-301F-11D3-BF4B-00C04F79EFBC}") = "SysCadCar.ApiRest.List", "SysCadCar.ApiRest.List\SysCadCar.ApiRest.List.csproj", "{8F2C9EF6-B8C1-4722-94DA-30A60A568032}"
EndProject
Project("{FAE04EC0-301F-11D3-BF4B-00C04F79EFBC}") = "SysCadCar.ApiRest.List.Tests", "SysCadCar.ApiRest.List.Tests\SysCadCar.ApiRest.List.Tests.csproj", "{8305F45F-AA48-4D1A-BFC1-09337820D033}"
EndProject
Project("{2150E333-8FDC-42A3-9474-1A3956D46DE8}") = "List", "List", "{978F2836-3150-4F63-B9E8-AD99D59815AB}"
EndProject
Project("{2150E333-8FDC-42A3-9474-1A3956D46DE8}") = "Views", "Views", "{1492ED44-63A1-4180-BA72-9457F7B6AAA7}"
EndProject
Project("{2150E333-8FDC-42A3-9474-1A3956D46DE8}") = "Add", "Add", "{9F28388E-BA07-4A21-8FE3-638CDF12168B}"
EndProject
Project("{FAE04EC0-301F-11D3-BF4B-00C04F79EFBC}") = "SysCadCar.ApiRest.Views", "SysCadCar.ApiRest.Views\SysCadCar.ApiRest.Views.csproj", "{19305653-A926-4B38-9B74-1A3415A30472}"
EndProject
Project("{FAE04EC0-301F-11D3-BF4B-00C04F79EFBC}") = "SysCadCar.ApiRest.Views.Tests", "SysCadCar.ApiRest.Views.Tests\SysCadCar.ApiRest.Views.Tests.csproj", "{58D661D7-6DEC-4966-9376-E17770218C7A}"
EndProject
Project("{FAE04EC0-301F-11D3-BF4B-00C04F79EFBC}") = "SysCadCar.ApiRest.Add", "SysCadCar.ApiRest.Add\SysCadCar.ApiRest.Add.csproj", "{8EAF4952-A5FE-4DE9-B9A4-BB70B1F0DD6F}"
EndProject
Project("{FAE04EC0-301F-11D3-BF4B-00C04F79EFBC}") = "SysCadCar.ApiRest.Add.Tests", "SysCadCar.ApiRest.Add.Tests\SysCadCar.ApiRest.Add.Tests.csproj", "{6D176AAB-CABC-4F03-8A45-83F458192BA2}"
EndProject
Project("{FAE04EC0-301F-11D3-BF4B-00C04F79EFBC}") = "SysCadCar.ApiWCFSoap.Service", "SysCadCar.ApiWCFSoap.Service\SysCadCar.ApiWCFSoap.Service.csproj", "{3AEF986B-D5A5-4107-946D-EAF52EB4C347}"
EndProject
Project("{2150E333-8FDC-42A3-9474-1A3956D46DE8}") = "Util", "Util", "{2608569C-0908-4796-B6E7-0F96CAF1E6D8}"
EndProject
Project("{FAE04EC0-301F-11D3-BF4B-00C04F79EFBC}") = "UtilHttpRequestResponse", "UtilHttpRequestResponse\UtilHttpRequestResponse.csproj", "{13AFF081-E253-4E0F-B102-304319E529F9}"
EndProject
Project("{2150E333-8FDC-42A3-9474-1A3956D46DE8}") = "Arquitetura", "Arquitetura", "{BD74026A-BC62-4D99-8E19-A283F6F3159D}"
EndProject
Project("{2150E333-8FDC-42A3-9474-1A3956D46DE8}") = "Data", "Data", "{F3651904-0963-42DB-B6C7-42401FC4CFA6}"
EndProject
Project("{2150E333-8FDC-42A3-9474-1A3956D46DE8}") = "Domain", "Domain", "{05670FC3-A273-4422-A6D9-73B074EF9977}"
EndProject
Project("{FAE04EC0-301F-11D3-BF4B-00C04F79EFBC}") = "SysCadCar.Data", "..\Arquitetura\SysCadCar.Data\SysCadCar.Data.csproj", "{D2592AD9-F03C-40C4-B28F-04F01C322571}"
EndProject
Project("{FAE04EC0-301F-11D3-BF4B-00C04F79EFBC}") = "SysCadCar.Domain", "..\Arquitetura\SysCadCar.Domain\SysCadCar.Domain.csproj", "{6F5C926F-4CB6-4913-85D3-6B886315780F}"
EndProject
Project("{2150E333-8FDC-42A3-9474-1A3956D46DE8}") = "GatewayApi", "GatewayApi", "{BC69317D-4892-4277-A2BF-52EA71E640AA}"
EndProject
Project("{FAE04EC0-301F-11D3-BF4B-00C04F79EFBC}") = "SysCadCar.ApiRest.GatewayApi", "SysCadCar.ApiRest.GatewayApi\SysCadCar.ApiRest.GatewayApi.csproj", "{F27E02AB-6E23-450D-A7B0-43AC294F45E6}"
EndProject
Project("{FAE04EC0-301F-11D3-BF4B-00C04F79EFBC}") = "SysCadCar.ApiRest.GatewayApi.Tests", "SysCadCar.ApiRest.GatewayApi.Tests\SysCadCar.ApiRest.GatewayApi.Tests.csproj", "{D37877DA-F0CE-4811-991B-12766E810E9C}"
EndProject
Global
	GlobalSection(SolutionConfigurationPlatforms) = preSolution
		Debug|Any CPU = Debug|Any CPU
		Release|Any CPU = Release|Any CPU
	EndGlobalSection
	GlobalSection(ProjectConfigurationPlatforms) = postSolution
		{8F2C9EF6-B8C1-4722-94DA-30A60A568032}.Debug|Any CPU.ActiveCfg = Debug|Any CPU
		{8F2C9EF6-B8C1-4722-94DA-30A60A568032}.Debug|Any CPU.Build.0 = Debug|Any CPU
		{8F2C9EF6-B8C1-4722-94DA-30A60A568032}.Release|Any CPU.ActiveCfg = Release|Any CPU
		{8F2C9EF6-B8C1-4722-94DA-30A60A568032}.Release|Any CPU.Build.0 = Release|Any CPU
		{8305F45F-AA48-4D1A-BFC1-09337820D033}.Debug|Any CPU.ActiveCfg = Debug|Any CPU
		{8305F45F-AA48-4D1A-BFC1-09337820D033}.Debug|Any CPU.Build.0 = Debug|Any CPU
		{8305F45F-AA48-4D1A-BFC1-09337820D033}.Release|Any CPU.ActiveCfg = Release|Any CPU
		{8305F45F-AA48-4D1A-BFC1-09337820D033}.Release|Any CPU.Build.0 = Release|Any CPU
		{19305653-A926-4B38-9B74-1A3415A30472}.Debug|Any CPU.ActiveCfg = Debug|Any CPU
		{19305653-A926-4B38-9B74-1A3415A30472}.Debug|Any CPU.Build.0 = Debug|Any CPU
		{19305653-A926-4B38-9B74-1A3415A30472}.Release|Any CPU.ActiveCfg = Release|Any CPU
		{19305653-A926-4B38-9B74-1A3415A30472}.Release|Any CPU.Build.0 = Release|Any CPU
		{58D661D7-6DEC-4966-9376-E17770218C7A}.Debug|Any CPU.ActiveCfg = Debug|Any CPU
		{58D661D7-6DEC-4966-9376-E17770218C7A}.Debug|Any CPU.Build.0 = Debug|Any CPU
		{58D661D7-6DEC-4966-9376-E17770218C7A}.Release|Any CPU.ActiveCfg = Release|Any CPU
		{58D661D7-6DEC-4966-9376-E17770218C7A}.Release|Any CPU.Build.0 = Release|Any CPU
		{8EAF4952-A5FE-4DE9-B9A4-BB70B1F0DD6F}.Debug|Any CPU.ActiveCfg = Debug|Any CPU
		{8EAF4952-A5FE-4DE9-B9A4-BB70B1F0DD6F}.Debug|Any CPU.Build.0 = Debug|Any CPU
		{8EAF4952-A5FE-4DE9-B9A4-BB70B1F0DD6F}.Release|Any CPU.ActiveCfg = Release|Any CPU
		{8EAF4952-A5FE-4DE9-B9A4-BB70B1F0DD6F}.Release|Any CPU.Build.0 = Release|Any CPU
		{6D176AAB-CABC-4F03-8A45-83F458192BA2}.Debug|Any CPU.ActiveCfg = Debug|Any CPU
		{6D176AAB-CABC-4F03-8A45-83F458192BA2}.Debug|Any CPU.Build.0 = Debug|Any CPU
		{6D176AAB-CABC-4F03-8A45-83F458192BA2}.Release|Any CPU.ActiveCfg = Release|Any CPU
		{6D176AAB-CABC-4F03-8A45-83F458192BA2}.Release|Any CPU.Build.0 = Release|Any CPU
		{3AEF986B-D5A5-4107-946D-EAF52EB4C347}.Debug|Any CPU.ActiveCfg = Debug|Any CPU
		{3AEF986B-D5A5-4107-946D-EAF52EB4C347}.Debug|Any CPU.Build.0 = Debug|Any CPU
		{3AEF986B-D5A5-4107-946D-EAF52EB4C347}.Release|Any CPU.ActiveCfg = Release|Any CPU
		{3AEF986B-D5A5-4107-946D-EAF52EB4C347}.Release|Any CPU.Build.0 = Release|Any CPU
		{13AFF081-E253-4E0F-B102-304319E529F9}.Debug|Any CPU.ActiveCfg = Debug|Any CPU
		{13AFF081-E253-4E0F-B102-304319E529F9}.Debug|Any CPU.Build.0 = Debug|Any CPU
		{13AFF081-E253-4E0F-B102-304319E529F9}.Release|Any CPU.ActiveCfg = Release|Any CPU
		{13AFF081-E253-4E0F-B102-304319E529F9}.Release|Any CPU.Build.0 = Release|Any CPU
		{D2592AD9-F03C-40C4-B28F-04F01C322571}.Debug|Any CPU.ActiveCfg = Debug|Any CPU
		{D2592AD9-F03C-40C4-B28F-04F01C322571}.Debug|Any CPU.Build.0 = Debug|Any CPU
		{D2592AD9-F03C-40C4-B28F-04F01C322571}.Release|Any CPU.ActiveCfg = Release|Any CPU
		{D2592AD9-F03C-40C4-B28F-04F01C322571}.Release|Any CPU.Build.0 = Release|Any CPU
		{6F5C926F-4CB6-4913-85D3-6B886315780F}.Debug|Any CPU.ActiveCfg = Debug|Any CPU
		{6F5C926F-4CB6-4913-85D3-6B886315780F}.Debug|Any CPU.Build.0 = Debug|Any CPU
		{6F5C926F-4CB6-4913-85D3-6B886315780F}.Release|Any CPU.ActiveCfg = Release|Any CPU
		{6F5C926F-4CB6-4913-85D3-6B886315780F}.Release|Any CPU.Build.0 = Release|Any CPU
		{F27E02AB-6E23-450D-A7B0-43AC294F45E6}.Debug|Any CPU.ActiveCfg = Debug|Any CPU
		{F27E02AB-6E23-450D-A7B0-43AC294F45E6}.Debug|Any CPU.Build.0 = Debug|Any CPU
		{F27E02AB-6E23-450D-A7B0-43AC294F45E6}.Release|Any CPU.ActiveCfg = Release|Any CPU
		{F27E02AB-6E23-450D-A7B0-43AC294F45E6}.Release|Any CPU.Build.0 = Release|Any CPU
		{D37877DA-F0CE-4811-991B-12766E810E9C}.Debug|Any CPU.ActiveCfg = Debug|Any CPU
		{D37877DA-F0CE-4811-991B-12766E810E9C}.Debug|Any CPU.Build.0 = Debug|Any CPU
		{D37877DA-F0CE-4811-991B-12766E810E9C}.Release|Any CPU.ActiveCfg = Release|Any CPU
		{D37877DA-F0CE-4811-991B-12766E810E9C}.Release|Any CPU.Build.0 = Release|Any CPU
	EndGlobalSection
	GlobalSection(SolutionProperties) = preSolution
		HideSolutionNode = FALSE
	EndGlobalSection
	GlobalSection(NestedProjects) = preSolution
		{8F2C9EF6-B8C1-4722-94DA-30A60A568032} = {978F2836-3150-4F63-B9E8-AD99D59815AB}
		{8305F45F-AA48-4D1A-BFC1-09337820D033} = {978F2836-3150-4F63-B9E8-AD99D59815AB}
		{978F2836-3150-4F63-B9E8-AD99D59815AB} = {C6FFFCA0-45F8-4716-B765-059D710331DE}
		{1492ED44-63A1-4180-BA72-9457F7B6AAA7} = {C6FFFCA0-45F8-4716-B765-059D710331DE}
		{9F28388E-BA07-4A21-8FE3-638CDF12168B} = {C6FFFCA0-45F8-4716-B765-059D710331DE}
		{19305653-A926-4B38-9B74-1A3415A30472} = {1492ED44-63A1-4180-BA72-9457F7B6AAA7}
		{58D661D7-6DEC-4966-9376-E17770218C7A} = {1492ED44-63A1-4180-BA72-9457F7B6AAA7}
		{8EAF4952-A5FE-4DE9-B9A4-BB70B1F0DD6F} = {9F28388E-BA07-4A21-8FE3-638CDF12168B}
		{6D176AAB-CABC-4F03-8A45-83F458192BA2} = {9F28388E-BA07-4A21-8FE3-638CDF12168B}
		{3AEF986B-D5A5-4107-946D-EAF52EB4C347} = {81CB8A29-380A-4FF3-A574-8B82CB17EFF2}
		{13AFF081-E253-4E0F-B102-304319E529F9} = {2608569C-0908-4796-B6E7-0F96CAF1E6D8}
		{F3651904-0963-42DB-B6C7-42401FC4CFA6} = {BD74026A-BC62-4D99-8E19-A283F6F3159D}
		{05670FC3-A273-4422-A6D9-73B074EF9977} = {BD74026A-BC62-4D99-8E19-A283F6F3159D}
		{D2592AD9-F03C-40C4-B28F-04F01C322571} = {F3651904-0963-42DB-B6C7-42401FC4CFA6}
		{6F5C926F-4CB6-4913-85D3-6B886315780F} = {05670FC3-A273-4422-A6D9-73B074EF9977}
		{F27E02AB-6E23-450D-A7B0-43AC294F45E6} = {BC69317D-4892-4277-A2BF-52EA71E640AA}
		{D37877DA-F0CE-4811-991B-12766E810E9C} = {BC69317D-4892-4277-A2BF-52EA71E640AA}
	EndGlobalSection
EndGlobal
